
Microsoft Visual Studio Solution File, Format Version 12.00
# Visual Studio Version 17
VisualStudioVersion = 17.9.34321.82
MinimumVisualStudioVersion = 10.0.40219.1
Project("{FAE04EC0-301F-11D3-BF4B-00C04F79EFBC}") = "Reference and Value Types Practice 01", "Reference and Value Types Practice 01\Reference and Value Types Practice 01.csproj", "{BCA04AEE-7913-4CCF-B4FE-5A109940ABD5}"
EndProject
Global
	GlobalSection(SolutionConfigurationPlatforms) = preSolution
		Debug|Any CPU = Debug|Any CPU
		Release|Any CPU = Release|Any CPU
	EndGlobalSection
	GlobalSection(ProjectConfigurationPlatforms) = postSolution
		{BCA04AEE-7913-4CCF-B4FE-5A109940ABD5}.Debug|Any CPU.ActiveCfg = Debug|Any CPU
		{BCA04AEE-7913-4CCF-B4FE-5A109940ABD5}.Debug|Any CPU.Build.0 = Debug|Any CPU
		{BCA04AEE-7913-4CCF-B4FE-5A109940ABD5}.Release|Any CPU.ActiveCfg = Release|Any CPU
		{BCA04AEE-7913-4CCF-B4FE-5A109940ABD5}.Release|Any CPU.Build.0 = Release|Any CPU
	EndGlobalSection
	GlobalSection(SolutionProperties) = preSolution
		HideSolutionNode = FALSE
	EndGlobalSection
	GlobalSection(ExtensibilityGlobals) = postSolution
		SolutionGuid = {9B8A5BAF-7849-42FC-B9F8-D438B9D52427}
	EndGlobalSection
EndGlobal
